// !$*UTF8*$!
{
	archiveVersion = 1;
	classes = {
	};
	objectVersion = 46;
	objects = {

/* Begin PBXBuildFile section */
		66BCC0C01AE03C160029F30F /* main.m in Sources */ = {isa = PBXBuildFile; fileRef = 66BCC0BF1AE03C160029F30F /* main.m */; };
		66BCC0C31AE03C160029F30F /* AppDelegate.m in Sources */ = {isa = PBXBuildFile; fileRef = 66BCC0C21AE03C160029F30F /* AppDelegate.m */; };
		66BCC0C61AE03C160029F30F /* ViewController.m in Sources */ = {isa = PBXBuildFile; fileRef = 66BCC0C51AE03C160029F30F /* ViewController.m */; };
		66BCC0C91AE03C160029F30F /* Main.storyboard in Resources */ = {isa = PBXBuildFile; fileRef = 66BCC0C71AE03C160029F30F /* Main.storyboard */; };
		66BCC0CB1AE03C160029F30F /* Images.xcassets in Resources */ = {isa = PBXBuildFile; fileRef = 66BCC0CA1AE03C160029F30F /* Images.xcassets */; };
		66BCC0CE1AE03C160029F30F /* LaunchScreen.xib in Resources */ = {isa = PBXBuildFile; fileRef = 66BCC0CC1AE03C160029F30F /* LaunchScreen.xib */; };
		66BCC0DA1AE03C160029F30F /* BRMultilevelMeunTests.m in Sources */ = {isa = PBXBuildFile; fileRef = 66BCC0D91AE03C160029F30F /* BRMultilevelMeunTests.m */; };
/* End PBXBuildFile section */

/* Begin PBXContainerItemProxy section */
		66BCC0D41AE03C160029F30F /* PBXContainerItemProxy */ = {
			isa = PBXContainerItemProxy;
			containerPortal = 66BCC0B21AE03C160029F30F /* Project object */;
			proxyType = 1;
			remoteGlobalIDString = 66BCC0B91AE03C160029F30F;
			remoteInfo = BRMultilevelMeun;
		};
/* End PBXContainerItemProxy section */

/* Begin PBXFileReference section */
		66BCC0BA1AE03C160029F30F /* BRMultilevelMeun.app */ = {isa = PBXFileReference; explicitFileType = wrapper.application; includeInIndex = 0; path = BRMultilevelMeun.app; sourceTree = BUILT_PRODUCTS_DIR; };
		66BCC0BE1AE03C160029F30F /* Info.plist */ = {isa = PBXFileReference; lastKnownFileType = text.plist.xml; path = Info.plist; sourceTree = "<group>"; };
		66BCC0BF1AE03C160029F30F /* main.m */ = {isa = PBXFileReference; lastKnownFileType = sourcecode.c.objc; path = main.m; sourceTree = "<group>"; };
		66BCC0C11AE03C160029F30F /* AppDelegate.h */ = {isa = PBXFileReference; lastKnownFileType = sourcecode.c.h; path = AppDelegate.h; sourceTree = "<group>"; };
		66BCC0C21AE03C160029F30F /* AppDelegate.m */ = {isa = PBXFileReference; lastKnownFileType = sourcecode.c.objc; path = AppDelegate.m; sourceTree = "<group>"; };
		66BCC0C41AE03C160029F30F /* ViewController.h */ = {isa = PBXFileReference; lastKnownFileType = sourcecode.c.h; path = ViewController.h; sourceTree = "<group>"; };
		66BCC0C51AE03C160029F30F /* ViewController.m */ = {isa = PBXFileReference; lastKnownFileType = sourcecode.c.objc; path = ViewController.m; sourceTree = "<group>"; };
		66BCC0C81AE03C160029F30F /* Base */ = {isa = PBXFileReference; lastKnownFileType = file.storyboard; name = Base; path = Base.lproj/Main.storyboard; sourceTree = "<group>"; };
		66BCC0CA1AE03C160029F30F /* Images.xcassets */ = {isa = PBXFileReference; lastKnownFileType = folder.assetcatalog; path = Images.xcassets; sourceTree = "<group>"; };
		66BCC0CD1AE03C160029F30F /* Base */ = {isa = PBXFileReference; lastKnownFileType = file.xib; name = Base; path = Base.lproj/LaunchScreen.xib; sourceTree = "<group>"; };
		66BCC0D31AE03C160029F30F /* BRMultilevelMeunTests.xctest */ = {isa = PBXFileReference; explicitFileType = wrapper.cfbundle; includeInIndex = 0; path = BRMultilevelMeunTests.xctest; sourceTree = BUILT_PRODUCTS_DIR; };
		66BCC0D81AE03C160029F30F /* Info.plist */ = {isa = PBXFileReference; lastKnownFileType = text.plist.xml; path = Info.plist; sourceTree = "<group>"; };
		66BCC0D91AE03C160029F30F /* BRMultilevelMeunTests.m */ = {isa = PBXFileReference; lastKnownFileType = sourcecode.c.objc; path = BRMultilevelMeunTests.m; sourceTree = "<group>"; };
/* End PBXFileReference section */

/* Begin PBXFrameworksBuildPhase section */
		66BCC0B71AE03C160029F30F /* Frameworks */ = {
			isa = PBXFrameworksBuildPhase;
			buildActionMask = 2147483647;
			files = (
			);
			runOnlyForDeploymentPostprocessing = 0;
		};
		66BCC0D01AE03C160029F30F /* Frameworks */ = {
			isa = PBXFrameworksBuildPhase;
			buildActionMask = 2147483647;
			files = (
			);
			runOnlyForDeploymentPostprocessing = 0;
		};
/* End PBXFrameworksBuildPhase section */

/* Begin PBXGroup section */
		66BCC0B11AE03C160029F30F = {
			isa = PBXGroup;
			children = (
				66BCC0BC1AE03C160029F30F /* BRMultilevelMeun */,
				66BCC0D61AE03C160029F30F /* BRMultilevelMeunTests */,
				66BCC0BB1AE03C160029F30F /* Products */,
			);
			sourceTree = "<group>";
		};
		66BCC0BB1AE03C160029F30F /* Products */ = {
			isa = PBXGroup;
			children = (
				66BCC0BA1AE03C160029F30F /* BRMultilevelMeun.app */,
				66BCC0D31AE03C160029F30F /* BRMultilevelMeunTests.xctest */,
			);
			name = Products;
			sourceTree = "<group>";
		};
		66BCC0BC1AE03C160029F30F /* BRMultilevelMeun */ = {
			isa = PBXGroup;
			children = (
				66BCC0C11AE03C160029F30F /* AppDelegate.h */,
				66BCC0C21AE03C160029F30F /* AppDelegate.m */,
				66BCC0C41AE03C160029F30F /* ViewController.h */,
				66BCC0C51AE03C160029F30F /* ViewController.m */,
				66BCC0C71AE03C160029F30F /* Main.storyboard */,
				66BCC0CA1AE03C160029F30F /* Images.xcassets */,
				66BCC0CC1AE03C160029F30F /* LaunchScreen.xib */,
				66BCC0BD1AE03C160029F30F /* Supporting Files */,
			);
			path = BRMultilevelMeun;
			sourceTree = "<group>";
		};
		66BCC0BD1AE03C160029F30F /* Supporting Files */ = {
			isa = PBXGroup;
			children = (
				66BCC0BE1AE03C160029F30F /* Info.plist */,
				66BCC0BF1AE03C160029F30F /* main.m */,
			);
			name = "Supporting Files";
			sourceTree = "<group>";
		};
		66BCC0D61AE03C160029F30F /* BRMultilevelMeunTests */ = {
			isa = PBXGroup;
			children = (
				66BCC0D91AE03C160029F30F /* BRMultilevelMeunTests.m */,
				66BCC0D71AE03C160029F30F /* Supporting Files */,
			);
			path = BRMultilevelMeunTests;
			sourceTree = "<group>";
		};
		66BCC0D71AE03C160029F30F /* Supporting Files */ = {
			isa = PBXGroup;
			children = (
				66BCC0D81AE03C160029F30F /* Info.plist */,
			);
			name = "Supporting Files";
			sourceTree = "<group>";
		};
/* End PBXGroup section */

/* Begin PBXNativeTarget section */
		66BCC0B91AE03C160029F30F /* BRMultilevelMeun */ = {
			isa = PBXNativeTarget;
			buildConfigurationList = 66BCC0DD1AE03C160029F30F /* Build configuration list for PBXNativeTarget "BRMultilevelMeun" */;
			buildPhases = (
				66BCC0B61AE03C160029F30F /* Sources */,
				66BCC0B71AE03C160029F30F /* Frameworks */,
				66BCC0B81AE03C160029F30F /* Resources */,
			);
			buildRules = (
			);
			dependencies = (
			);
			name = BRMultilevelMeun;
			productName = BRMultilevelMeun;
			productReference = 66BCC0BA1AE03C160029F30F /* BRMultilevelMeun.app */;
			productType = "com.apple.product-type.application";
		};
		66BCC0D21AE03C160029F30F /* BRMultilevelMeunTests */ = {
			isa = PBXNativeTarget;
			buildConfigurationList = 66BCC0E01AE03C160029F30F /* Build configuration list for PBXNativeTarget "BRMultilevelMeunTests" */;
			buildPhases = (
				66BCC0CF1AE03C160029F30F /* Sources */,
				66BCC0D01AE03C160029F30F /* Frameworks */,
				66BCC0D11AE03C160029F30F /* Resources */,
			);
			buildRules = (
			);
			dependencies = (
				66BCC0D51AE03C160029F30F /* PBXTargetDependency */,
			);
			name = BRMultilevelMeunTests;
			productName = BRMultilevelMeunTests;
			productReference = 66BCC0D31AE03C160029F30F /* BRMultilevelMeunTests.xctest */;
			productType = "com.apple.product-type.bundle.unit-test";
		};
/* End PBXNativeTarget section */

/* Begin PBXProject section */
		66BCC0B21AE03C160029F30F /* Project object */ = {
			isa = PBXProject;
			attributes = {
				LastUpgradeCheck = 0630;
				ORGANIZATIONNAME = BR;
				TargetAttributes = {
					66BCC0B91AE03C160029F30F = {
						CreatedOnToolsVersion = 6.3;
					};
					66BCC0D21AE03C160029F30F = {
						CreatedOnToolsVersion = 6.3;
						TestTargetID = 66BCC0B91AE03C160029F30F;
					};
				};
			};
			buildConfigurationList = 66BCC0B51AE03C160029F30F /* Build configuration list for PBXProject "BRMultilevelMeun" */;
			compatibilityVersion = "Xcode 3.2";
			developmentRegion = English;
			hasScannedForEncodings = 0;
			knownRegions = (
				en,
				Base,
			);
			mainGroup = 66BCC0B11AE03C160029F30F;
			productRefGroup = 66BCC0BB1AE03C160029F30F /* Products */;
			projectDirPath = "";
			projectRoot = "";
			targets = (
				66BCC0B91AE03C160029F30F /* BRMultilevelMeun */,
				66BCC0D21AE03C160029F30F /* BRMultilevelMeunTests */,
			);
		};
/* End PBXProject section */

/* Begin PBXResourcesBuildPhase section */
		66BCC0B81AE03C160029F30F /* Resources */ = {
			isa = PBXResourcesBuildPhase;
			buildActionMask = 2147483647;
			files = (
				66BCC0C91AE03C160029F30F /* Main.storyboard in Resources */,
				66BCC0CE1AE03C160029F30F /* LaunchScreen.xib in Resources */,
				66BCC0CB1AE03C160029F30F /* Images.xcassets in Resources */,
			);
			runOnlyForDeploymentPostprocessing = 0;
		};
		66BCC0D11AE03C160029F30F /* Resources */ = {
			isa = PBXResourcesBuildPhase;
			buildActionMask = 2147483647;
			files = (
			);
			runOnlyForDeploymentPostprocessing = 0;
		};
/* End PBXResourcesBuildPhase section */

/* Begin PBXSourcesBuildPhase section */
		66BCC0B61AE03C160029F30F /* Sources */ = {
			isa = PBXSourcesBuildPhase;
			buildActionMask = 2147483647;
			files = (
				66BCC0C61AE03C160029F30F /* ViewController.m in Sources */,
				66BCC0C31AE03C160029F30F /* AppDelegate.m in Sources */,
				66BCC0C01AE03C160029F30F /* main.m in Sources */,
			);
			runOnlyForDeploymentPostprocessing = 0;
		};
		66BCC0CF1AE03C160029F30F /* Sources */ = {
			isa = PBXSourcesBuildPhase;
			buildActionMask = 2147483647;
			files = (
				66BCC0DA1AE03C160029F30F /* BRMultilevelMeunTests.m in Sources */,
			);
			runOnlyForDeploymentPostprocessing = 0;
		};
/* End PBXSourcesBuildPhase section */

/* Begin PBXTargetDependency section */
		66BCC0D51AE03C160029F30F /* PBXTargetDependency */ = {
			isa = PBXTargetDependency;
			target = 66BCC0B91AE03C160029F30F /* BRMultilevelMeun */;
			targetProxy = 66BCC0D41AE03C160029F30F /* PBXContainerItemProxy */;
		};
/* End PBXTargetDependency section */

/* Begin PBXVariantGroup section */
		66BCC0C71AE03C160029F30F /* Main.storyboard */ = {
			isa = PBXVariantGroup;
			children = (
				66BCC0C81AE03C160029F30F /* Base */,
			);
			name = Main.storyboard;
			sourceTree = "<group>";
		};
		66BCC0CC1AE03C160029F30F /* LaunchScreen.xib */ = {
			isa = PBXVariantGroup;
			children = (
				66BCC0CD1AE03C160029F30F /* Base */,
			);
			name = LaunchScreen.xib;
			sourceTree = "<group>";
		};
/* End PBXVariantGroup section */

/* Begin XCBuildConfiguration section */
		66BCC0DB1AE03C160029F30F /* Debug */ = {
			isa = XCBuildConfiguration;
			buildSettings = {
				ALWAYS_SEARCH_USER_PATHS = NO;
				CLANG_CXX_LANGUAGE_STANDARD = "gnu++0x";
				CLANG_CXX_LIBRARY = "libc++";
				CLANG_ENABLE_MODULES = YES;
				CLANG_ENABLE_OBJC_ARC = YES;
				CLANG_WARN_BOOL_CONVERSION = YES;
				CLANG_WARN_CONSTANT_CONVERSION = YES;
				CLANG_WARN_DIRECT_OBJC_ISA_USAGE = YES_ERROR;
				CLANG_WARN_EMPTY_BODY = YES;
				CLANG_WARN_ENUM_CONVERSION = YES;
				CLANG_WARN_INT_CONVERSION = YES;
				CLANG_WARN_OBJC_ROOT_CLASS = YES_ERROR;
				CLANG_WARN_UNREACHABLE_CODE = YES;
				CLANG_WARN__DUPLICATE_METHOD_MATCH = YES;
				"CODE_SIGN_IDENTITY[sdk=iphoneos*]" = "iPhone Developer";
				COPY_PHASE_STRIP = NO;
				DEBUG_INFORMATION_FORMAT = "dwarf-with-dsym";
				ENABLE_STRICT_OBJC_MSGSEND = YES;
				GCC_C_LANGUAGE_STANDARD = gnu99;
				GCC_DYNAMIC_NO_PIC = NO;
				GCC_NO_COMMON_BLOCKS = YES;
				GCC_OPTIMIZATION_LEVEL = 0;
				GCC_PREPROCESSOR_DEFINITIONS = (
					"DEBUG=1",
					"$(inherited)",
				);
				GCC_SYMBOLS_PRIVATE_EXTERN = NO;
				GCC_WARN_64_TO_32_BIT_CONVERSION = YES;
				GCC_WARN_ABOUT_RETURN_TYPE = YES_ERROR;
				GCC_WARN_UNDECLARED_SELECTOR = YES;
				GCC_WARN_UNINITIALIZED_AUTOS = YES_AGGRESSIVE;
				GCC_WARN_UNUSED_FUNCTION = YES;
				GCC_WARN_UNUSED_VARIABLE = YES;
				IPHONEOS_DEPLOYMENT_TARGET = 8.3;
				MTL_ENABLE_DEBUG_INFO = YES;
				ONLY_ACTIVE_ARCH = YES;
				SDKROOT = iphoneos;
			};
			name = Debug;
		};
		66BCC0DC1AE03C160029F30F /* Release */ = {
			isa = XCBuildConfiguration;
			buildSettings = {
				ALWAYS_SEARCH_USER_PATHS = NO;
				CLANG_CXX_LANGUAGE_STANDARD = "gnu++0x";
				CLANG_CXX_LIBRARY = "libc++";
				CLANG_ENABLE_MODULES = YES;
				CLANG_ENABLE_OBJC_ARC = YES;
				CLANG_WARN_BOOL_CONVERSION = YES;
				CLANG_WARN_CONSTANT_CONVERSION = YES;
				CLANG_WARN_DIRECT_OBJC_ISA_USAGE = YES_ERROR;
				CLANG_WARN_EMPTY_BODY = YES;
				CLANG_WARN_ENUM_CONVERSION = YES;
				CLANG_WARN_INT_CONVERSION = YES;
				CLANG_WARN_OBJC_ROOT_CLASS = YES_ERROR;
				CLANG_WARN_UNREACHABLE_CODE = YES;
				CLANG_WARN__DUPLICATE_METHOD_MATCH = YES;
				"CODE_SIGN_IDENTITY[sdk=iphoneos*]" = "iPhone Developer";
				COPY_PHASE_STRIP = NO;
				DEBUG_INFORMATION_FORMAT = "dwarf-with-dsym";
				ENABLE_NS_ASSERTIONS = NO;
				ENABLE_STRICT_OBJC_MSGSEND = YES;
				GCC_C_LANGUAGE_STANDARD = gnu99;
				GCC_NO_COMMON_BLOCKS = YES;
				GCC_WARN_64_TO_32_BIT_CONVERSION = YES;
				GCC_WARN_ABOUT_RETURN_TYPE = YES_ERROR;
				GCC_WARN_UNDECLARED_SELECTOR = YES;
				GCC_WARN_UNINITIALIZED_AUTOS = YES_AGGRESSIVE;
				GCC_WARN_UNUSED_FUNCTION = YES;
				GCC_WARN_UNUSED_VARIABLE = YES;
				IPHONEOS_DEPLOYMENT_TARGET = 8.3;
				MTL_ENABLE_DEBUG_INFO = NO;
				SDKROOT = iphoneos;
				VALIDATE_PRODUCT = YES;
			};
			name = Release;
		};
		66BCC0DE1AE03C160029F30F /* Debug */ = {
			isa = XCBuildConfiguration;
			buildSettings = {
				ASSETCATALOG_COMPILER_APPICON_NAME = AppIcon;
				INFOPLIST_FILE = BRMultilevelMeun/Info.plist;
				LD_RUNPATH_SEARCH_PATHS = "$(inherited) @executable_path/Frameworks";
				PRODUCT_NAME = "$(TARGET_NAME)";
			};
			name = Debug;
		};
		66BCC0DF1AE03C160029F30F /* Release */ = {
			isa = XCBuildConfiguration;
			buildSettings = {
				ASSETCATALOG_COMPILER_APPICON_NAME = AppIcon;
				INFOPLIST_FILE = BRMultilevelMeun/Info.plist;
				LD_RUNPATH_SEARCH_PATHS = "$(inherited) @executable_path/Frameworks";
				PRODUCT_NAME = "$(TARGET_NAME)";
			};
			name = Release;
		};
		66BCC0E11AE03C160029F30F /* Debug */ = {
			isa = XCBuildConfiguration;
			buildSettings = {
				BUNDLE_LOADER = "$(TEST_HOST)";
				FRAMEWORK_SEARCH_PATHS = (
					"$(SDKROOT)/Developer/Library/Frameworks",
					"$(inherited)",
				);
				GCC_PREPROCESSOR_DEFINITIONS = (
					"DEBUG=1",
					"$(inherited)",
				);
				INFOPLIST_FILE = BRMultilevelMeunTests/Info.plist;
				LD_RUNPATH_SEARCH_PATHS = "$(inherited) @executable_path/Frameworks @loader_path/Frameworks";
				PRODUCT_NAME = "$(TARGET_NAME)";
				TEST_HOST = "$(BUILT_PRODUCTS_DIR)/BRMultilevelMeun.app/BRMultilevelMeun";
			};
			name = Debug;
		};
		66BCC0E21AE03C160029F30F /* Release */ = {
			isa = XCBuildConfiguration;
			buildSettings = {
				BUNDLE_LOADER = "$(TEST_HOST)";
				FRAMEWORK_SEARCH_PATHS = (
					"$(SDKROOT)/Developer/Library/Frameworks",
					"$(inherited)",
				);
				INFOPLIST_FILE = BRMultilevelMeunTests/Info.plist;
				LD_RUNPATH_SEARCH_PATHS = "$(inherited) @executable_path/Frameworks @loader_path/Frameworks";
				PRODUCT_NAME = "$(TARGET_NAME)";
				TEST_HOST = "$(BUILT_PRODUCTS_DIR)/BRMultilevelMeun.app/BRMultilevelMeun";
			};
			name = Release;
		};
/* End XCBuildConfiguration section */

/* Begin XCConfigurationList section */
		66BCC0B51AE03C160029F30F /* Build configuration list for PBXProject "BRMultilevelMeun" */ = {
			isa = XCConfigurationList;
			buildConfigurations = (
				66BCC0DB1AE03C160029F30F /* Debug */,
				66BCC0DC1AE03C160029F30F /* Release */,
			);
			defaultConfigurationIsVisible = 0;
			defaultConfigurationName = Release;
		};
		66BCC0DD1AE03C160029F30F /* Build configuration list for PBXNativeTarget "BRMultilevelMeun" */ = {
			isa = XCConfigurationList;
			buildConfigurations = (
				66BCC0DE1AE03C160029F30F /* Debug */,
				66BCC0DF1AE03C160029F30F /* Release */,
			);
			defaultConfigurationIsVisible = 0;
		};
		66BCC0E01AE03C160029F30F /* Build configuration list for PBXNativeTarget "BRMultilevelMeunTests" */ = {
			isa = XCConfigurationList;
			buildConfigurations = (
				66BCC0E11AE03C160029F30F /* Debug */,
				66BCC0E21AE03C160029F30F /* Release */,
			);
			defaultConfigurationIsVisible = 0;
		};
/* End XCConfigurationList section */
	};
	rootObject = 66BCC0B21AE03C160029F30F /* Project object */;
}
