// !$*UTF8*$!
{
	archiveVersion = 1;
	classes = {
	};
	objectVersion = 46;
	objects = {

/* Begin PBXBuildFile section */
		66BCC0C01AE03C160029F30F /* main.m in Sources */ = {isa = PBXBuildFile; fileRef = 66BCC0BF1AE03C160029F30F /* main.m */; };
		66BCC0C31AE03C160029F30F /* AppDelegate.m in Sources */ = {isa = PBXBuildFile; fileRef = 66BCC0C21AE03C160029F30F /* AppDelegate.m */; };
		66BCC0C61AE03C160029F30F /* ViewController.m in Sources */ = {isa = PBXBuildFile; fileRef = 66BCC0C51AE03C160029F30F /* ViewController.m */; };
		66BCC0C91AE03C160029F30F /* Main.storyboard in Resources */ = {isa = PBXBuildFile; fileRef = 66BCC0C71AE03C160029F30F /* Main.storyboard */; };
		66BCC0CB1AE03C160029F30F /* Images.xcassets in Resources */ = {isa = PBXBuildFile; fileRef = 66BCC0CA1AE03C160029F30F /* Images.xcassets */; };
		66BCC0CE1AE03C160029F30F /* LaunchScreen.xib in Resources */ = {isa = PBXBuildFile; fileRef = 66BCC0CC1AE03C160029F30F /* LaunchScreen.xib */; };
		66BCC0DA1AE03C160029F30F /* BRMultilevelMeunTests.m in Sources */ = {isa = PBXBuildFile; fileRef = 66BCC0D91AE03C160029F30F /* BRMultilevelMeunTests.m */; };
		66BCC0F11AE03C6F0029F30F /* CollectionHeader.m in Sources */ = {isa = PBXBuildFile; fileRef = 66BCC0E71AE03C6F0029F30F /* CollectionHeader.m */; };
		66BCC0F21AE03C6F0029F30F /* CollectionHeader.xib in Resources */ = {isa = PBXBuildFile; fileRef = 66BCC0E81AE03C6F0029F30F /* CollectionHeader.xib */; };
		66BCC0F31AE03C6F0029F30F /* MultilevelCollectionViewCell.m in Sources */ = {isa = PBXBuildFile; fileRef = 66BCC0EA1AE03C6F0029F30F /* MultilevelCollectionViewCell.m */; };
		66BCC0F41AE03C6F0029F30F /* MultilevelCollectionViewCell.xib in Resources */ = {isa = PBXBuildFile; fileRef = 66BCC0EB1AE03C6F0029F30F /* MultilevelCollectionViewCell.xib */; };
		66BCC0F51AE03C6F0029F30F /* MultilevelTableViewCell.m in Sources */ = {isa = PBXBuildFile; fileRef = 66BCC0ED1AE03C6F0029F30F /* MultilevelTableViewCell.m */; };
		66BCC0F61AE03C6F0029F30F /* MultilevelTableViewCell.xib in Resources */ = {isa = PBXBuildFile; fileRef = 66BCC0EE1AE03C6F0029F30F /* MultilevelTableViewCell.xib */; };
		66BCC0F71AE03C6F0029F30F /* MultilevelMenu.m in Sources */ = {isa = PBXBuildFile; fileRef = 66BCC0F01AE03C6F0029F30F /* MultilevelMenu.m */; };
		66BCC1181AE03EA10029F30F /* NSData+ImageContentType.m in Sources */ = {isa = PBXBuildFile; fileRef = 66BCC0FC1AE03EA10029F30F /* NSData+ImageContentType.m */; };
		66BCC1191AE03EA10029F30F /* SDImageCache.m in Sources */ = {isa = PBXBuildFile; fileRef = 66BCC0FE1AE03EA10029F30F /* SDImageCache.m */; };
		66BCC11A1AE03EA10029F30F /* SDWebImageCompat.m in Sources */ = {isa = PBXBuildFile; fileRef = 66BCC1001AE03EA10029F30F /* SDWebImageCompat.m */; };
		66BCC11B1AE03EA10029F30F /* SDWebImageDecoder.m in Sources */ = {isa = PBXBuildFile; fileRef = 66BCC1021AE03EA10029F30F /* SDWebImageDecoder.m */; };
		66BCC11C1AE03EA10029F30F /* SDWebImageDownloader.m in Sources */ = {isa = PBXBuildFile; fileRef = 66BCC1041AE03EA10029F30F /* SDWebImageDownloader.m */; };
		66BCC11D1AE03EA10029F30F /* SDWebImageDownloaderOperation.m in Sources */ = {isa = PBXBuildFile; fileRef = 66BCC1061AE03EA10029F30F /* SDWebImageDownloaderOperation.m */; };
		66BCC11E1AE03EA10029F30F /* SDWebImageManager.m in Sources */ = {isa = PBXBuildFile; fileRef = 66BCC1081AE03EA10029F30F /* SDWebImageManager.m */; };
		66BCC11F1AE03EA10029F30F /* SDWebImagePrefetcher.m in Sources */ = {isa = PBXBuildFile; fileRef = 66BCC10B1AE03EA10029F30F /* SDWebImagePrefetcher.m */; };
		66BCC1201AE03EA10029F30F /* UIButton+WebCache.m in Sources */ = {isa = PBXBuildFile; fileRef = 66BCC10D1AE03EA10029F30F /* UIButton+WebCache.m */; };
		66BCC1211AE03EA10029F30F /* UIImage+GIF.m in Sources */ = {isa = PBXBuildFile; fileRef = 66BCC10F1AE03EA10029F30F /* UIImage+GIF.m */; };
		66BCC1221AE03EA10029F30F /* UIImage+MultiFormat.m in Sources */ = {isa = PBXBuildFile; fileRef = 66BCC1111AE03EA10029F30F /* UIImage+MultiFormat.m */; };
		66BCC1231AE03EA10029F30F /* UIImageView+HighlightedWebCache.m in Sources */ = {isa = PBXBuildFile; fileRef = 66BCC1131AE03EA10029F30F /* UIImageView+HighlightedWebCache.m */; };
		66BCC1241AE03EA10029F30F /* UIImageView+WebCache.m in Sources */ = {isa = PBXBuildFile; fileRef = 66BCC1151AE03EA10029F30F /* UIImageView+WebCache.m */; };
		66BCC1251AE03EA10029F30F /* UIView+WebCacheOperation.m in Sources */ = {isa = PBXBuildFile; fileRef = 66BCC1171AE03EA10029F30F /* UIView+WebCacheOperation.m */; };
		66BCC1271AE03F9C0029F30F /* tempShop.png in Resources */ = {isa = PBXBuildFile; fileRef = 66BCC1261AE03F9C0029F30F /* tempShop.png */; };
/* End PBXBuildFile section */

/* Begin PBXContainerItemProxy section */
		66BCC0D41AE03C160029F30F /* PBXContainerItemProxy */ = {
			isa = PBXContainerItemProxy;
			containerPortal = 66BCC0B21AE03C160029F30F /* Project object */;
			proxyType = 1;
			remoteGlobalIDString = 66BCC0B91AE03C160029F30F;
			remoteInfo = BRMultilevelMeun;
		};
/* End PBXContainerItemProxy section */

/* Begin PBXFileReference section */
		66BCC0BA1AE03C160029F30F /* BRMultilevelMeun.app */ = {isa = PBXFileReference; explicitFileType = wrapper.application; includeInIndex = 0; path = BRMultilevelMeun.app; sourceTree = BUILT_PRODUCTS_DIR; };
		66BCC0BE1AE03C160029F30F /* Info.plist */ = {isa = PBXFileReference; lastKnownFileType = text.plist.xml; path = Info.plist; sourceTree = "<group>"; };
		66BCC0BF1AE03C160029F30F /* main.m */ = {isa = PBXFileReference; lastKnownFileType = sourcecode.c.objc; path = main.m; sourceTree = "<group>"; };
		66BCC0C11AE03C160029F30F /* AppDelegate.h */ = {isa = PBXFileReference; lastKnownFileType = sourcecode.c.h; path = AppDelegate.h; sourceTree = "<group>"; };
		66BCC0C21AE03C160029F30F /* AppDelegate.m */ = {isa = PBXFileReference; lastKnownFileType = sourcecode.c.objc; path = AppDelegate.m; sourceTree = "<group>"; };
		66BCC0C41AE03C160029F30F /* ViewController.h */ = {isa = PBXFileReference; lastKnownFileType = sourcecode.c.h; path = ViewController.h; sourceTree = "<group>"; };
		66BCC0C51AE03C160029F30F /* ViewController.m */ = {isa = PBXFileReference; lastKnownFileType = sourcecode.c.objc; path = ViewController.m; sourceTree = "<group>"; };
		66BCC0C81AE03C160029F30F /* Base */ = {isa = PBXFileReference; lastKnownFileType = file.storyboard; name = Base; path = Base.lproj/Main.storyboard; sourceTree = "<group>"; };
		66BCC0CA1AE03C160029F30F /* Images.xcassets */ = {isa = PBXFileReference; lastKnownFileType = folder.assetcatalog; path = Images.xcassets; sourceTree = "<group>"; };
		66BCC0CD1AE03C160029F30F /* Base */ = {isa = PBXFileReference; lastKnownFileType = file.xib; name = Base; path = Base.lproj/LaunchScreen.xib; sourceTree = "<group>"; };
		66BCC0D31AE03C160029F30F /* BRMultilevelMeunTests.xctest */ = {isa = PBXFileReference; explicitFileType = wrapper.cfbundle; includeInIndex = 0; path = BRMultilevelMeunTests.xctest; sourceTree = BUILT_PRODUCTS_DIR; };
		66BCC0D81AE03C160029F30F /* Info.plist */ = {isa = PBXFileReference; lastKnownFileType = text.plist.xml; path = Info.plist; sourceTree = "<group>"; };
		66BCC0D91AE03C160029F30F /* BRMultilevelMeunTests.m */ = {isa = PBXFileReference; lastKnownFileType = sourcecode.c.objc; path = BRMultilevelMeunTests.m; sourceTree = "<group>"; };
		66BCC0E61AE03C6F0029F30F /* CollectionHeader.h */ = {isa = PBXFileReference; fileEncoding = 4; lastKnownFileType = sourcecode.c.h; path = CollectionHeader.h; sourceTree = "<group>"; };
		66BCC0E71AE03C6F0029F30F /* CollectionHeader.m */ = {isa = PBXFileReference; fileEncoding = 4; lastKnownFileType = sourcecode.c.objc; path = CollectionHeader.m; sourceTree = "<group>"; };
		66BCC0E81AE03C6F0029F30F /* CollectionHeader.xib */ = {isa = PBXFileReference; fileEncoding = 4; lastKnownFileType = file.xib; path = CollectionHeader.xib; sourceTree = "<group>"; };
		66BCC0E91AE03C6F0029F30F /* MultilevelCollectionViewCell.h */ = {isa = PBXFileReference; fileEncoding = 4; lastKnownFileType = sourcecode.c.h; path = MultilevelCollectionViewCell.h; sourceTree = "<group>"; };
		66BCC0EA1AE03C6F0029F30F /* MultilevelCollectionViewCell.m */ = {isa = PBXFileReference; fileEncoding = 4; lastKnownFileType = sourcecode.c.objc; path = MultilevelCollectionViewCell.m; sourceTree = "<group>"; };
		66BCC0EB1AE03C6F0029F30F /* MultilevelCollectionViewCell.xib */ = {isa = PBXFileReference; fileEncoding = 4; lastKnownFileType = file.xib; path = MultilevelCollectionViewCell.xib; sourceTree = "<group>"; };
		66BCC0EC1AE03C6F0029F30F /* MultilevelTableViewCell.h */ = {isa = PBXFileReference; fileEncoding = 4; lastKnownFileType = sourcecode.c.h; path = MultilevelTableViewCell.h; sourceTree = "<group>"; };
		66BCC0ED1AE03C6F0029F30F /* MultilevelTableViewCell.m */ = {isa = PBXFileReference; fileEncoding = 4; lastKnownFileType = sourcecode.c.objc; path = MultilevelTableViewCell.m; sourceTree = "<group>"; };
		66BCC0EE1AE03C6F0029F30F /* MultilevelTableViewCell.xib */ = {isa = PBXFileReference; fileEncoding = 4; lastKnownFileType = file.xib; path = MultilevelTableViewCell.xib; sourceTree = "<group>"; };
		66BCC0EF1AE03C6F0029F30F /* MultilevelMenu.h */ = {isa = PBXFileReference; fileEncoding = 4; lastKnownFileType = sourcecode.c.h; path = MultilevelMenu.h; sourceTree = "<group>"; };
		66BCC0F01AE03C6F0029F30F /* MultilevelMenu.m */ = {isa = PBXFileReference; fileEncoding = 4; lastKnownFileType = sourcecode.c.objc; path = MultilevelMenu.m; sourceTree = "<group>"; };
		66BCC0FB1AE03EA10029F30F /* NSData+ImageContentType.h */ = {isa = PBXFileReference; fileEncoding = 4; lastKnownFileType = sourcecode.c.h; path = "NSData+ImageContentType.h"; sourceTree = "<group>"; };
		66BCC0FC1AE03EA10029F30F /* NSData+ImageContentType.m */ = {isa = PBXFileReference; fileEncoding = 4; lastKnownFileType = sourcecode.c.objc; path = "NSData+ImageContentType.m"; sourceTree = "<group>"; };
		66BCC0FD1AE03EA10029F30F /* SDImageCache.h */ = {isa = PBXFileReference; fileEncoding = 4; lastKnownFileType = sourcecode.c.h; path = SDImageCache.h; sourceTree = "<group>"; };
		66BCC0FE1AE03EA10029F30F /* SDImageCache.m */ = {isa = PBXFileReference; fileEncoding = 4; lastKnownFileType = sourcecode.c.objc; path = SDImageCache.m; sourceTree = "<group>"; };
		66BCC0FF1AE03EA10029F30F /* SDWebImageCompat.h */ = {isa = PBXFileReference; fileEncoding = 4; lastKnownFileType = sourcecode.c.h; path = SDWebImageCompat.h; sourceTree = "<group>"; };
		66BCC1001AE03EA10029F30F /* SDWebImageCompat.m */ = {isa = PBXFileReference; fileEncoding = 4; lastKnownFileType = sourcecode.c.objc; path = SDWebImageCompat.m; sourceTree = "<group>"; };
		66BCC1011AE03EA10029F30F /* SDWebImageDecoder.h */ = {isa = PBXFileReference; fileEncoding = 4; lastKnownFileType = sourcecode.c.h; path = SDWebImageDecoder.h; sourceTree = "<group>"; };
		66BCC1021AE03EA10029F30F /* SDWebImageDecoder.m */ = {isa = PBXFileReference; fileEncoding = 4; lastKnownFileType = sourcecode.c.objc; path = SDWebImageDecoder.m; sourceTree = "<group>"; };
		66BCC1031AE03EA10029F30F /* SDWebImageDownloader.h */ = {isa = PBXFileReference; fileEncoding = 4; lastKnownFileType = sourcecode.c.h; path = SDWebImageDownloader.h; sourceTree = "<group>"; };
		66BCC1041AE03EA10029F30F /* SDWebImageDownloader.m */ = {isa = PBXFileReference; fileEncoding = 4; lastKnownFileType = sourcecode.c.objc; path = SDWebImageDownloader.m; sourceTree = "<group>"; };
		66BCC1051AE03EA10029F30F /* SDWebImageDownloaderOperation.h */ = {isa = PBXFileReference; fileEncoding = 4; lastKnownFileType = sourcecode.c.h; path = SDWebImageDownloaderOperation.h; sourceTree = "<group>"; };
		66BCC1061AE03EA10029F30F /* SDWebImageDownloaderOperation.m */ = {isa = PBXFileReference; fileEncoding = 4; lastKnownFileType = sourcecode.c.objc; path = SDWebImageDownloaderOperation.m; sourceTree = "<group>"; };
		66BCC1071AE03EA10029F30F /* SDWebImageManager.h */ = {isa = PBXFileReference; fileEncoding = 4; lastKnownFileType = sourcecode.c.h; path = SDWebImageManager.h; sourceTree = "<group>"; };
		66BCC1081AE03EA10029F30F /* SDWebImageManager.m */ = {isa = PBXFileReference; fileEncoding = 4; lastKnownFileType = sourcecode.c.objc; path = SDWebImageManager.m; sourceTree = "<group>"; };
		66BCC1091AE03EA10029F30F /* SDWebImageOperation.h */ = {isa = PBXFileReference; fileEncoding = 4; lastKnownFileType = sourcecode.c.h; path = SDWebImageOperation.h; sourceTree = "<group>"; };
		66BCC10A1AE03EA10029F30F /* SDWebImagePrefetcher.h */ = {isa = PBXFileReference; fileEncoding = 4; lastKnownFileType = sourcecode.c.h; path = SDWebImagePrefetcher.h; sourceTree = "<group>"; };
		66BCC10B1AE03EA10029F30F /* SDWebImagePrefetcher.m */ = {isa = PBXFileReference; fileEncoding = 4; lastKnownFileType = sourcecode.c.objc; path = SDWebImagePrefetcher.m; sourceTree = "<group>"; };
		66BCC10C1AE03EA10029F30F /* UIButton+WebCache.h */ = {isa = PBXFileReference; fileEncoding = 4; lastKnownFileType = sourcecode.c.h; path = "UIButton+WebCache.h"; sourceTree = "<group>"; };
		66BCC10D1AE03EA10029F30F /* UIButton+WebCache.m */ = {isa = PBXFileReference; fileEncoding = 4; lastKnownFileType = sourcecode.c.objc; path = "UIButton+WebCache.m"; sourceTree = "<group>"; };
		66BCC10E1AE03EA10029F30F /* UIImage+GIF.h */ = {isa = PBXFileReference; fileEncoding = 4; lastKnownFileType = sourcecode.c.h; path = "UIImage+GIF.h"; sourceTree = "<group>"; };
		66BCC10F1AE03EA10029F30F /* UIImage+GIF.m */ = {isa = PBXFileReference; fileEncoding = 4; lastKnownFileType = sourcecode.c.objc; path = "UIImage+GIF.m"; sourceTree = "<group>"; };
		66BCC1101AE03EA10029F30F /* UIImage+MultiFormat.h */ = {isa = PBXFileReference; fileEncoding = 4; lastKnownFileType = sourcecode.c.h; path = "UIImage+MultiFormat.h"; sourceTree = "<group>"; };
		66BCC1111AE03EA10029F30F /* UIImage+MultiFormat.m */ = {isa = PBXFileReference; fileEncoding = 4; lastKnownFileType = sourcecode.c.objc; path = "UIImage+MultiFormat.m"; sourceTree = "<group>"; };
		66BCC1121AE03EA10029F30F /* UIImageView+HighlightedWebCache.h */ = {isa = PBXFileReference; fileEncoding = 4; lastKnownFileType = sourcecode.c.h; path = "UIImageView+HighlightedWebCache.h"; sourceTree = "<group>"; };
		66BCC1131AE03EA10029F30F /* UIImageView+HighlightedWebCache.m */ = {isa = PBXFileReference; fileEncoding = 4; lastKnownFileType = sourcecode.c.objc; path = "UIImageView+HighlightedWebCache.m"; sourceTree = "<group>"; };
		66BCC1141AE03EA10029F30F /* UIImageView+WebCache.h */ = {isa = PBXFileReference; fileEncoding = 4; lastKnownFileType = sourcecode.c.h; path = "UIImageView+WebCache.h"; sourceTree = "<group>"; };
		66BCC1151AE03EA10029F30F /* UIImageView+WebCache.m */ = {isa = PBXFileReference; fileEncoding = 4; lastKnownFileType = sourcecode.c.objc; path = "UIImageView+WebCache.m"; sourceTree = "<group>"; };
		66BCC1161AE03EA10029F30F /* UIView+WebCacheOperation.h */ = {isa = PBXFileReference; fileEncoding = 4; lastKnownFileType = sourcecode.c.h; path = "UIView+WebCacheOperation.h"; sourceTree = "<group>"; };
		66BCC1171AE03EA10029F30F /* UIView+WebCacheOperation.m */ = {isa = PBXFileReference; fileEncoding = 4; lastKnownFileType = sourcecode.c.objc; path = "UIView+WebCacheOperation.m"; sourceTree = "<group>"; };
		66BCC1261AE03F9C0029F30F /* tempShop.png */ = {isa = PBXFileReference; lastKnownFileType = image.png; path = tempShop.png; sourceTree = "<group>"; };
/* End PBXFileReference section */

/* Begin PBXFrameworksBuildPhase section */
		66BCC0B71AE03C160029F30F /* Frameworks */ = {
			isa = PBXFrameworksBuildPhase;
			buildActionMask = 2147483647;
			files = (
			);
			runOnlyForDeploymentPostprocessing = 0;
		};
		66BCC0D01AE03C160029F30F /* Frameworks */ = {
			isa = PBXFrameworksBuildPhase;
			buildActionMask = 2147483647;
			files = (
			);
			runOnlyForDeploymentPostprocessing = 0;
		};
/* End PBXFrameworksBuildPhase section */

/* Begin PBXGroup section */
		66BCC0B11AE03C160029F30F = {
			isa = PBXGroup;
			children = (
				66BCC1261AE03F9C0029F30F /* tempShop.png */,
				66BCC0BC1AE03C160029F30F /* BRMultilevelMeun */,
				66BCC0D61AE03C160029F30F /* BRMultilevelMeunTests */,
				66BCC0BB1AE03C160029F30F /* Products */,
			);
			sourceTree = "<group>";
		};
		66BCC0BB1AE03C160029F30F /* Products */ = {
			isa = PBXGroup;
			children = (
				66BCC0BA1AE03C160029F30F /* BRMultilevelMeun.app */,
				66BCC0D31AE03C160029F30F /* BRMultilevelMeunTests.xctest */,
			);
			name = Products;
			sourceTree = "<group>";
		};
		66BCC0BC1AE03C160029F30F /* BRMultilevelMeun */ = {
			isa = PBXGroup;
			children = (
				66BCC0F91AE03EA10029F30F /* Vendor */,
				66BCC0E41AE03C6F0029F30F /* MultilevelMenu */,
				66BCC0C11AE03C160029F30F /* AppDelegate.h */,
				66BCC0C21AE03C160029F30F /* AppDelegate.m */,
				66BCC0C41AE03C160029F30F /* ViewController.h */,
				66BCC0C51AE03C160029F30F /* ViewController.m */,
				66BCC0C71AE03C160029F30F /* Main.storyboard */,
				66BCC0CA1AE03C160029F30F /* Images.xcassets */,
				66BCC0CC1AE03C160029F30F /* LaunchScreen.xib */,
				66BCC0BD1AE03C160029F30F /* Supporting Files */,
			);
			path = BRMultilevelMeun;
			sourceTree = "<group>";
		};
		66BCC0BD1AE03C160029F30F /* Supporting Files */ = {
			isa = PBXGroup;
			children = (
				66BCC0BE1AE03C160029F30F /* Info.plist */,
				66BCC0BF1AE03C160029F30F /* main.m */,
			);
			name = "Supporting Files";
			sourceTree = "<group>";
		};
		66BCC0D61AE03C160029F30F /* BRMultilevelMeunTests */ = {
			isa = PBXGroup;
			children = (
				66BCC0D91AE03C160029F30F /* BRMultilevelMeunTests.m */,
				66BCC0D71AE03C160029F30F /* Supporting Files */,
			);
			path = BRMultilevelMeunTests;
			sourceTree = "<group>";
		};
		66BCC0D71AE03C160029F30F /* Supporting Files */ = {
			isa = PBXGroup;
			children = (
				66BCC0D81AE03C160029F30F /* Info.plist */,
			);
			name = "Supporting Files";
			sourceTree = "<group>";
		};
		66BCC0E41AE03C6F0029F30F /* MultilevelMenu */ = {
			isa = PBXGroup;
			children = (
				66BCC0E51AE03C6F0029F30F /* CellView */,
				66BCC0EF1AE03C6F0029F30F /* MultilevelMenu.h */,
				66BCC0F01AE03C6F0029F30F /* MultilevelMenu.m */,
			);
			path = MultilevelMenu;
			sourceTree = "<group>";
		};
		66BCC0E51AE03C6F0029F30F /* CellView */ = {
			isa = PBXGroup;
			children = (
				66BCC0E61AE03C6F0029F30F /* CollectionHeader.h */,
				66BCC0E71AE03C6F0029F30F /* CollectionHeader.m */,
				66BCC0E81AE03C6F0029F30F /* CollectionHeader.xib */,
				66BCC0E91AE03C6F0029F30F /* MultilevelCollectionViewCell.h */,
				66BCC0EA1AE03C6F0029F30F /* MultilevelCollectionViewCell.m */,
				66BCC0EB1AE03C6F0029F30F /* MultilevelCollectionViewCell.xib */,
				66BCC0EC1AE03C6F0029F30F /* MultilevelTableViewCell.h */,
				66BCC0ED1AE03C6F0029F30F /* MultilevelTableViewCell.m */,
				66BCC0EE1AE03C6F0029F30F /* MultilevelTableViewCell.xib */,
			);
			path = CellView;
			sourceTree = "<group>";
		};
		66BCC0F91AE03EA10029F30F /* Vendor */ = {
			isa = PBXGroup;
			children = (
				66BCC0FA1AE03EA10029F30F /* SDWebImage */,
			);
			path = Vendor;
			sourceTree = "<group>";
		};
		66BCC0FA1AE03EA10029F30F /* SDWebImage */ = {
			isa = PBXGroup;
			children = (
				66BCC0FB1AE03EA10029F30F /* NSData+ImageContentType.h */,
				66BCC0FC1AE03EA10029F30F /* NSData+ImageContentType.m */,
				66BCC0FD1AE03EA10029F30F /* SDImageCache.h */,
				66BCC0FE1AE03EA10029F30F /* SDImageCache.m */,
				66BCC0FF1AE03EA10029F30F /* SDWebImageCompat.h */,
				66BCC1001AE03EA10029F30F /* SDWebImageCompat.m */,
				66BCC1011AE03EA10029F30F /* SDWebImageDecoder.h */,
				66BCC1021AE03EA10029F30F /* SDWebImageDecoder.m */,
				66BCC1031AE03EA10029F30F /* SDWebImageDownloader.h */,
				66BCC1041AE03EA10029F30F /* SDWebImageDownloader.m */,
				66BCC1051AE03EA10029F30F /* SDWebImageDownloaderOperation.h */,
				66BCC1061AE03EA10029F30F /* SDWebImageDownloaderOperation.m */,
				66BCC1071AE03EA10029F30F /* SDWebImageManager.h */,
				66BCC1081AE03EA10029F30F /* SDWebImageManager.m */,
				66BCC1091AE03EA10029F30F /* SDWebImageOperation.h */,
				66BCC10A1AE03EA10029F30F /* SDWebImagePrefetcher.h */,
				66BCC10B1AE03EA10029F30F /* SDWebImagePrefetcher.m */,
				66BCC10C1AE03EA10029F30F /* UIButton+WebCache.h */,
				66BCC10D1AE03EA10029F30F /* UIButton+WebCache.m */,
				66BCC10E1AE03EA10029F30F /* UIImage+GIF.h */,
				66BCC10F1AE03EA10029F30F /* UIImage+GIF.m */,
				66BCC1101AE03EA10029F30F /* UIImage+MultiFormat.h */,
				66BCC1111AE03EA10029F30F /* UIImage+MultiFormat.m */,
				66BCC1121AE03EA10029F30F /* UIImageView+HighlightedWebCache.h */,
				66BCC1131AE03EA10029F30F /* UIImageView+HighlightedWebCache.m */,
				66BCC1141AE03EA10029F30F /* UIImageView+WebCache.h */,
				66BCC1151AE03EA10029F30F /* UIImageView+WebCache.m */,
				66BCC1161AE03EA10029F30F /* UIView+WebCacheOperation.h */,
				66BCC1171AE03EA10029F30F /* UIView+WebCacheOperation.m */,
			);
			path = SDWebImage;
			sourceTree = "<group>";
		};
/* End PBXGroup section */

/* Begin PBXNativeTarget section */
		66BCC0B91AE03C160029F30F /* BRMultilevelMeun */ = {
			isa = PBXNativeTarget;
			buildConfigurationList = 66BCC0DD1AE03C160029F30F /* Build configuration list for PBXNativeTarget "BRMultilevelMeun" */;
			buildPhases = (
				66BCC0B61AE03C160029F30F /* Sources */,
				66BCC0B71AE03C160029F30F /* Frameworks */,
				66BCC0B81AE03C160029F30F /* Resources */,
			);
			buildRules = (
			);
			dependencies = (
			);
			name = BRMultilevelMeun;
			productName = BRMultilevelMeun;
			productReference = 66BCC0BA1AE03C160029F30F /* BRMultilevelMeun.app */;
			productType = "com.apple.product-type.application";
		};
		66BCC0D21AE03C160029F30F /* BRMultilevelMeunTests */ = {
			isa = PBXNativeTarget;
			buildConfigurationList = 66BCC0E01AE03C160029F30F /* Build configuration list for PBXNativeTarget "BRMultilevelMeunTests" */;
			buildPhases = (
				66BCC0CF1AE03C160029F30F /* Sources */,
				66BCC0D01AE03C160029F30F /* Frameworks */,
				66BCC0D11AE03C160029F30F /* Resources */,
			);
			buildRules = (
			);
			dependencies = (
				66BCC0D51AE03C160029F30F /* PBXTargetDependency */,
			);
			name = BRMultilevelMeunTests;
			productName = BRMultilevelMeunTests;
			productReference = 66BCC0D31AE03C160029F30F /* BRMultilevelMeunTests.xctest */;
			productType = "com.apple.product-type.bundle.unit-test";
		};
/* End PBXNativeTarget section */

/* Begin PBXProject section */
		66BCC0B21AE03C160029F30F /* Project object */ = {
			isa = PBXProject;
			attributes = {
				LastUpgradeCheck = 0630;
				ORGANIZATIONNAME = BR;
				TargetAttributes = {
					66BCC0B91AE03C160029F30F = {
						CreatedOnToolsVersion = 6.3;
					};
					66BCC0D21AE03C160029F30F = {
						CreatedOnToolsVersion = 6.3;
						TestTargetID = 66BCC0B91AE03C160029F30F;
					};
				};
			};
			buildConfigurationList = 66BCC0B51AE03C160029F30F /* Build configuration list for PBXProject "BRMultilevelMeun" */;
			compatibilityVersion = "Xcode 3.2";
			developmentRegion = English;
			hasScannedForEncodings = 0;
			knownRegions = (
				en,
				Base,
			);
			mainGroup = 66BCC0B11AE03C160029F30F;
			productRefGroup = 66BCC0BB1AE03C160029F30F /* Products */;
			projectDirPath = "";
			projectRoot = "";
			targets = (
				66BCC0B91AE03C160029F30F /* BRMultilevelMeun */,
				66BCC0D21AE03C160029F30F /* BRMultilevelMeunTests */,
			);
		};
/* End PBXProject section */

/* Begin PBXResourcesBuildPhase section */
		66BCC0B81AE03C160029F30F /* Resources */ = {
			isa = PBXResourcesBuildPhase;
			buildActionMask = 2147483647;
			files = (
				66BCC0F61AE03C6F0029F30F /* MultilevelTableViewCell.xib in Resources */,
				66BCC0C91AE03C160029F30F /* Main.storyboard in Resources */,
				66BCC0CE1AE03C160029F30F /* LaunchScreen.xib in Resources */,
				66BCC1271AE03F9C0029F30F /* tempShop.png in Resources */,
				66BCC0F21AE03C6F0029F30F /* CollectionHeader.xib in Resources */,
				66BCC0F41AE03C6F0029F30F /* MultilevelCollectionViewCell.xib in Resources */,
				66BCC0CB1AE03C160029F30F /* Images.xcassets in Resources */,
			);
			runOnlyForDeploymentPostprocessing = 0;
		};
		66BCC0D11AE03C160029F30F /* Resources */ = {
			isa = PBXResourcesBuildPhase;
			buildActionMask = 2147483647;
			files = (
			);
			runOnlyForDeploymentPostprocessing = 0;
		};
/* End PBXResourcesBuildPhase section */

/* Begin PBXSourcesBuildPhase section */
		66BCC0B61AE03C160029F30F /* Sources */ = {
			isa = PBXSourcesBuildPhase;
			buildActionMask = 2147483647;
			files = (
				66BCC0F51AE03C6F0029F30F /* MultilevelTableViewCell.m in Sources */,
				66BCC1231AE03EA10029F30F /* UIImageView+HighlightedWebCache.m in Sources */,
				66BCC1241AE03EA10029F30F /* UIImageView+WebCache.m in Sources */,
				66BCC11E1AE03EA10029F30F /* SDWebImageManager.m in Sources */,
				66BCC1191AE03EA10029F30F /* SDImageCache.m in Sources */,
				66BCC11D1AE03EA10029F30F /* SDWebImageDownloaderOperation.m in Sources */,
				66BCC0F31AE03C6F0029F30F /* MultilevelCollectionViewCell.m in Sources */,
				66BCC1201AE03EA10029F30F /* UIButton+WebCache.m in Sources */,
				66BCC1181AE03EA10029F30F /* NSData+ImageContentType.m in Sources */,
				66BCC11F1AE03EA10029F30F /* SDWebImagePrefetcher.m in Sources */,
				66BCC1251AE03EA10029F30F /* UIView+WebCacheOperation.m in Sources */,
				66BCC11C1AE03EA10029F30F /* SDWebImageDownloader.m in Sources */,
				66BCC0C61AE03C160029F30F /* ViewController.m in Sources */,
				66BCC11B1AE03EA10029F30F /* SDWebImageDecoder.m in Sources */,
				66BCC0C31AE03C160029F30F /* AppDelegate.m in Sources */,
				66BCC0F71AE03C6F0029F30F /* MultilevelMenu.m in Sources */,
				66BCC11A1AE03EA10029F30F /* SDWebImageCompat.m in Sources */,
				66BCC0F11AE03C6F0029F30F /* CollectionHeader.m in Sources */,
				66BCC0C01AE03C160029F30F /* main.m in Sources */,
				66BCC1221AE03EA10029F30F /* UIImage+MultiFormat.m in Sources */,
				66BCC1211AE03EA10029F30F /* UIImage+GIF.m in Sources */,
			);
			runOnlyForDeploymentPostprocessing = 0;
		};
		66BCC0CF1AE03C160029F30F /* Sources */ = {
			isa = PBXSourcesBuildPhase;
			buildActionMask = 2147483647;
			files = (
				66BCC0DA1AE03C160029F30F /* BRMultilevelMeunTests.m in Sources */,
			);
			runOnlyForDeploymentPostprocessing = 0;
		};
/* End PBXSourcesBuildPhase section */

/* Begin PBXTargetDependency section */
		66BCC0D51AE03C160029F30F /* PBXTargetDependency */ = {
			isa = PBXTargetDependency;
			target = 66BCC0B91AE03C160029F30F /* BRMultilevelMeun */;
			targetProxy = 66BCC0D41AE03C160029F30F /* PBXContainerItemProxy */;
		};
/* End PBXTargetDependency section */

/* Begin PBXVariantGroup section */
		66BCC0C71AE03C160029F30F /* Main.storyboard */ = {
			isa = PBXVariantGroup;
			children = (
				66BCC0C81AE03C160029F30F /* Base */,
			);
			name = Main.storyboard;
			sourceTree = "<group>";
		};
		66BCC0CC1AE03C160029F30F /* LaunchScreen.xib */ = {
			isa = PBXVariantGroup;
			children = (
				66BCC0CD1AE03C160029F30F /* Base */,
			);
			name = LaunchScreen.xib;
			sourceTree = "<group>";
		};
/* End PBXVariantGroup section */

/* Begin XCBuildConfiguration section */
		66BCC0DB1AE03C160029F30F /* Debug */ = {
			isa = XCBuildConfiguration;
			buildSettings = {
				ALWAYS_SEARCH_USER_PATHS = NO;
				CLANG_CXX_LANGUAGE_STANDARD = "gnu++0x";
				CLANG_CXX_LIBRARY = "libc++";
				CLANG_ENABLE_MODULES = YES;
				CLANG_ENABLE_OBJC_ARC = YES;
				CLANG_WARN_BOOL_CONVERSION = YES;
				CLANG_WARN_CONSTANT_CONVERSION = YES;
				CLANG_WARN_DIRECT_OBJC_ISA_USAGE = YES_ERROR;
				CLANG_WARN_EMPTY_BODY = YES;
				CLANG_WARN_ENUM_CONVERSION = YES;
				CLANG_WARN_INT_CONVERSION = YES;
				CLANG_WARN_OBJC_ROOT_CLASS = YES_ERROR;
				CLANG_WARN_UNREACHABLE_CODE = YES;
				CLANG_WARN__DUPLICATE_METHOD_MATCH = YES;
				"CODE_SIGN_IDENTITY[sdk=iphoneos*]" = "iPhone Developer";
				COPY_PHASE_STRIP = NO;
				DEBUG_INFORMATION_FORMAT = "dwarf-with-dsym";
				ENABLE_STRICT_OBJC_MSGSEND = YES;
				GCC_C_LANGUAGE_STANDARD = gnu99;
				GCC_DYNAMIC_NO_PIC = NO;
				GCC_NO_COMMON_BLOCKS = YES;
				GCC_OPTIMIZATION_LEVEL = 0;
				GCC_PREPROCESSOR_DEFINITIONS = (
					"DEBUG=1",
					"$(inherited)",
				);
				GCC_SYMBOLS_PRIVATE_EXTERN = NO;
				GCC_WARN_64_TO_32_BIT_CONVERSION = YES;
				GCC_WARN_ABOUT_RETURN_TYPE = YES_ERROR;
				GCC_WARN_UNDECLARED_SELECTOR = YES;
				GCC_WARN_UNINITIALIZED_AUTOS = YES_AGGRESSIVE;
				GCC_WARN_UNUSED_FUNCTION = YES;
				GCC_WARN_UNUSED_VARIABLE = YES;
				IPHONEOS_DEPLOYMENT_TARGET = 8.3;
				MTL_ENABLE_DEBUG_INFO = YES;
				ONLY_ACTIVE_ARCH = YES;
				SDKROOT = iphoneos;
			};
			name = Debug;
		};
		66BCC0DC1AE03C160029F30F /* Release */ = {
			isa = XCBuildConfiguration;
			buildSettings = {
				ALWAYS_SEARCH_USER_PATHS = NO;
				CLANG_CXX_LANGUAGE_STANDARD = "gnu++0x";
				CLANG_CXX_LIBRARY = "libc++";
				CLANG_ENABLE_MODULES = YES;
				CLANG_ENABLE_OBJC_ARC = YES;
				CLANG_WARN_BOOL_CONVERSION = YES;
				CLANG_WARN_CONSTANT_CONVERSION = YES;
				CLANG_WARN_DIRECT_OBJC_ISA_USAGE = YES_ERROR;
				CLANG_WARN_EMPTY_BODY = YES;
				CLANG_WARN_ENUM_CONVERSION = YES;
				CLANG_WARN_INT_CONVERSION = YES;
				CLANG_WARN_OBJC_ROOT_CLASS = YES_ERROR;
				CLANG_WARN_UNREACHABLE_CODE = YES;
				CLANG_WARN__DUPLICATE_METHOD_MATCH = YES;
				"CODE_SIGN_IDENTITY[sdk=iphoneos*]" = "iPhone Developer";
				COPY_PHASE_STRIP = NO;
				DEBUG_INFORMATION_FORMAT = "dwarf-with-dsym";
				ENABLE_NS_ASSERTIONS = NO;
				ENABLE_STRICT_OBJC_MSGSEND = YES;
				GCC_C_LANGUAGE_STANDARD = gnu99;
				GCC_NO_COMMON_BLOCKS = YES;
				GCC_WARN_64_TO_32_BIT_CONVERSION = YES;
				GCC_WARN_ABOUT_RETURN_TYPE = YES_ERROR;
				GCC_WARN_UNDECLARED_SELECTOR = YES;
				GCC_WARN_UNINITIALIZED_AUTOS = YES_AGGRESSIVE;
				GCC_WARN_UNUSED_FUNCTION = YES;
				GCC_WARN_UNUSED_VARIABLE = YES;
				IPHONEOS_DEPLOYMENT_TARGET = 8.3;
				MTL_ENABLE_DEBUG_INFO = NO;
				SDKROOT = iphoneos;
				VALIDATE_PRODUCT = YES;
			};
			name = Release;
		};
		66BCC0DE1AE03C160029F30F /* Debug */ = {
			isa = XCBuildConfiguration;
			buildSettings = {
				ASSETCATALOG_COMPILER_APPICON_NAME = AppIcon;
				INFOPLIST_FILE = BRMultilevelMeun/Info.plist;
				IPHONEOS_DEPLOYMENT_TARGET = 7.0;
				LD_RUNPATH_SEARCH_PATHS = "$(inherited) @executable_path/Frameworks";
				PRODUCT_NAME = "$(TARGET_NAME)";
			};
			name = Debug;
		};
		66BCC0DF1AE03C160029F30F /* Release */ = {
			isa = XCBuildConfiguration;
			buildSettings = {
				ASSETCATALOG_COMPILER_APPICON_NAME = AppIcon;
				INFOPLIST_FILE = BRMultilevelMeun/Info.plist;
				IPHONEOS_DEPLOYMENT_TARGET = 7.0;
				LD_RUNPATH_SEARCH_PATHS = "$(inherited) @executable_path/Frameworks";
				PRODUCT_NAME = "$(TARGET_NAME)";
			};
			name = Release;
		};
		66BCC0E11AE03C160029F30F /* Debug */ = {
			isa = XCBuildConfiguration;
			buildSettings = {
				BUNDLE_LOADER = "$(TEST_HOST)";
				FRAMEWORK_SEARCH_PATHS = (
					"$(SDKROOT)/Developer/Library/Frameworks",
					"$(inherited)",
				);
				GCC_PREPROCESSOR_DEFINITIONS = (
					"DEBUG=1",
					"$(inherited)",
				);
				INFOPLIST_FILE = BRMultilevelMeunTests/Info.plist;
				LD_RUNPATH_SEARCH_PATHS = "$(inherited) @executable_path/Frameworks @loader_path/Frameworks";
				PRODUCT_NAME = "$(TARGET_NAME)";
				TEST_HOST = "$(BUILT_PRODUCTS_DIR)/BRMultilevelMeun.app/BRMultilevelMeun";
			};
			name = Debug;
		};
		66BCC0E21AE03C160029F30F /* Release */ = {
			isa = XCBuildConfiguration;
			buildSettings = {
				BUNDLE_LOADER = "$(TEST_HOST)";
				FRAMEWORK_SEARCH_PATHS = (
					"$(SDKROOT)/Developer/Library/Frameworks",
					"$(inherited)",
				);
				INFOPLIST_FILE = BRMultilevelMeunTests/Info.plist;
				LD_RUNPATH_SEARCH_PATHS = "$(inherited) @executable_path/Frameworks @loader_path/Frameworks";
				PRODUCT_NAME = "$(TARGET_NAME)";
				TEST_HOST = "$(BUILT_PRODUCTS_DIR)/BRMultilevelMeun.app/BRMultilevelMeun";
			};
			name = Release;
		};
/* End XCBuildConfiguration section */

/* Begin XCConfigurationList section */
		66BCC0B51AE03C160029F30F /* Build configuration list for PBXProject "BRMultilevelMeun" */ = {
			isa = XCConfigurationList;
			buildConfigurations = (
				66BCC0DB1AE03C160029F30F /* Debug */,
				66BCC0DC1AE03C160029F30F /* Release */,
			);
			defaultConfigurationIsVisible = 0;
			defaultConfigurationName = Release;
		};
		66BCC0DD1AE03C160029F30F /* Build configuration list for PBXNativeTarget "BRMultilevelMeun" */ = {
			isa = XCConfigurationList;
			buildConfigurations = (
				66BCC0DE1AE03C160029F30F /* Debug */,
				66BCC0DF1AE03C160029F30F /* Release */,
			);
			defaultConfigurationIsVisible = 0;
			defaultConfigurationName = Release;
		};
		66BCC0E01AE03C160029F30F /* Build configuration list for PBXNativeTarget "BRMultilevelMeunTests" */ = {
			isa = XCConfigurationList;
			buildConfigurations = (
				66BCC0E11AE03C160029F30F /* Debug */,
				66BCC0E21AE03C160029F30F /* Release */,
			);
			defaultConfigurationIsVisible = 0;
			defaultConfigurationName = Release;
		};
/* End XCConfigurationList section */
	};
	rootObject = 66BCC0B21AE03C160029F30F /* Project object */;
}
